
Microsoft Visual Studio Solution File, Format Version 12.00
# Visual Studio 2012
Project("{FAE04EC0-301F-11D3-BF4B-00C04F79EFBC}") = "VocalUtau.WavTools", "VocalUtau.WavTools.csproj", "{B7EE4878-4670-49B5-A94A-8C0DFDA02B6F}"
EndProject
Project("{FAE04EC0-301F-11D3-BF4B-00C04F79EFBC}") = "VocalUtau.Wavtools.Client", "VocalUtau.Wavtools.Client\VocalUtau.Wavtools.Client.csproj", "{85E13EB2-1FF6-4D30-9876-27E1E97BCD5F}"
EndProject
Project("{FAE04EC0-301F-11D3-BF4B-00C04F79EFBC}") = "VocalUtau.Wavtools.BPlayer", "Debug.Demo\VocalUtau.Wavtools.BPlayer\VocalUtau.Wavtools.BPlayer.csproj", "{DD7DF8F8-DD29-40BA-B757-B1B6E1F05B55}"
EndProject
Global
	GlobalSection(SolutionConfigurationPlatforms) = preSolution
		Debug|Any CPU = Debug|Any CPU
		Release|Any CPU = Release|Any CPU
	EndGlobalSection
	GlobalSection(ProjectConfigurationPlatforms) = postSolution
		{B7EE4878-4670-49B5-A94A-8C0DFDA02B6F}.Debug|Any CPU.ActiveCfg = Debug|Any CPU
		{B7EE4878-4670-49B5-A94A-8C0DFDA02B6F}.Debug|Any CPU.Build.0 = Debug|Any CPU
		{B7EE4878-4670-49B5-A94A-8C0DFDA02B6F}.Release|Any CPU.ActiveCfg = Release|Any CPU
		{B7EE4878-4670-49B5-A94A-8C0DFDA02B6F}.Release|Any CPU.Build.0 = Release|Any CPU
		{85E13EB2-1FF6-4D30-9876-27E1E97BCD5F}.Debug|Any CPU.ActiveCfg = Debug|Any CPU
		{85E13EB2-1FF6-4D30-9876-27E1E97BCD5F}.Debug|Any CPU.Build.0 = Debug|Any CPU
		{85E13EB2-1FF6-4D30-9876-27E1E97BCD5F}.Release|Any CPU.ActiveCfg = Release|Any CPU
		{85E13EB2-1FF6-4D30-9876-27E1E97BCD5F}.Release|Any CPU.Build.0 = Release|Any CPU
		{DD7DF8F8-DD29-40BA-B757-B1B6E1F05B55}.Debug|Any CPU.ActiveCfg = Debug|Any CPU
		{DD7DF8F8-DD29-40BA-B757-B1B6E1F05B55}.Debug|Any CPU.Build.0 = Debug|Any CPU
		{DD7DF8F8-DD29-40BA-B757-B1B6E1F05B55}.Release|Any CPU.ActiveCfg = Release|Any CPU
		{DD7DF8F8-DD29-40BA-B757-B1B6E1F05B55}.Release|Any CPU.Build.0 = Release|Any CPU
	EndGlobalSection
	GlobalSection(SolutionProperties) = preSolution
		HideSolutionNode = FALSE
	EndGlobalSection
EndGlobal
